
Microsoft Visual Studio Solution File, Format Version 12.00
# Visual Studio Version 16
VisualStudioVersion = 16.0.30621.155
MinimumVisualStudioVersion = 10.0.40219.1
Project("{FAE04EC0-301F-11D3-BF4B-00C04F79EFBC}") = "wi19b101-rqebb", "wi19b101-rqebb.csproj", "{7EE9AD02-7399-440A-B818-DE633C59A348}"
EndProject
Global
	GlobalSection(SolutionConfigurationPlatforms) = preSolution
		Debug|Any CPU = Debug|Any CPU
		Release|Any CPU = Release|Any CPU
	EndGlobalSection
	GlobalSection(ProjectConfigurationPlatforms) = postSolution
		{7EE9AD02-7399-440A-B818-DE633C59A348}.Debug|Any CPU.ActiveCfg = Debug|Any CPU
		{7EE9AD02-7399-440A-B818-DE633C59A348}.Debug|Any CPU.Build.0 = Debug|Any CPU
		{7EE9AD02-7399-440A-B818-DE633C59A348}.Release|Any CPU.ActiveCfg = Release|Any CPU
		{7EE9AD02-7399-440A-B818-DE633C59A348}.Release|Any CPU.Build.0 = Release|Any CPU
	EndGlobalSection
	GlobalSection(SolutionProperties) = preSolution
		HideSolutionNode = FALSE
	EndGlobalSection
	GlobalSection(ExtensibilityGlobals) = postSolution
		SolutionGuid = {4764193D-5B7B-4906-9354-23D818263467}
	EndGlobalSection
EndGlobal
